// !$*UTF8*$!
{
	archiveVersion = 1;
	classes = {
	};
	objectVersion = 56;
	objects = {

/* Begin PBXBuildFile section */
		800B55C82919076F0022060D /* Alamofire in Frameworks */ = {isa = PBXBuildFile; productRef = 800B55C72919076F0022060D /* Alamofire */; };
		800B55CE29190CAE0022060D /* ListCellView.swift in Sources */ = {isa = PBXBuildFile; fileRef = 800B55CD29190CAE0022060D /* ListCellView.swift */; };
		80294263291900B6003287A1 /* Imgur_DemoApp.swift in Sources */ = {isa = PBXBuildFile; fileRef = 80294262291900B6003287A1 /* Imgur_DemoApp.swift */; };
		80294265291900B6003287A1 /* GalleryView.swift in Sources */ = {isa = PBXBuildFile; fileRef = 80294264291900B6003287A1 /* GalleryView.swift */; };
		80294267291900B8003287A1 /* Assets.xcassets in Resources */ = {isa = PBXBuildFile; fileRef = 80294266291900B8003287A1 /* Assets.xcassets */; };
		8029426A291900B8003287A1 /* Preview Assets.xcassets in Resources */ = {isa = PBXBuildFile; fileRef = 80294269291900B8003287A1 /* Preview Assets.xcassets */; };
		80294274291900B8003287A1 /* Imgur_DemoTests.swift in Sources */ = {isa = PBXBuildFile; fileRef = 80294273291900B8003287A1 /* Imgur_DemoTests.swift */; };
		8029427E291900B8003287A1 /* Imgur_DemoUITests.swift in Sources */ = {isa = PBXBuildFile; fileRef = 8029427D291900B8003287A1 /* Imgur_DemoUITests.swift */; };
		80294280291900B8003287A1 /* Imgur_DemoUITestsLaunchTests.swift in Sources */ = {isa = PBXBuildFile; fileRef = 8029427F291900B8003287A1 /* Imgur_DemoUITestsLaunchTests.swift */; };
		8063169C291919D700D9555F /* GridCellView.swift in Sources */ = {isa = PBXBuildFile; fileRef = 8063169B291919D700D9555F /* GridCellView.swift */; };
		8063169F291920FE00D9555F /* ServerConfig.swift in Sources */ = {isa = PBXBuildFile; fileRef = 8063169E291920FE00D9555F /* ServerConfig.swift */; };
		806316A22919228000D9555F /* NetworkManager.swift in Sources */ = {isa = PBXBuildFile; fileRef = 806316A12919228000D9555F /* NetworkManager.swift */; };
		806316A42919243800D9555F /* GalleryResponse.swift in Sources */ = {isa = PBXBuildFile; fileRef = 806316A32919243800D9555F /* GalleryResponse.swift */; };
		806316A629195F5200D9555F /* GalleryViewModel.swift in Sources */ = {isa = PBXBuildFile; fileRef = 806316A529195F5200D9555F /* GalleryViewModel.swift */; };
		806316A92919687300D9555F /* Kingfisher in Frameworks */ = {isa = PBXBuildFile; productRef = 806316A82919687300D9555F /* Kingfisher */; };
		806316AC29196C8D00D9555F /* DateUtils.swift in Sources */ = {isa = PBXBuildFile; fileRef = 806316AB29196C8D00D9555F /* DateUtils.swift */; };
		806316AE2919748C00D9555F /* BlankView.swift in Sources */ = {isa = PBXBuildFile; fileRef = 806316AD2919748C00D9555F /* BlankView.swift */; };
/* End PBXBuildFile section */

/* Begin PBXContainerItemProxy section */
		80294270291900B8003287A1 /* PBXContainerItemProxy */ = {
			isa = PBXContainerItemProxy;
			containerPortal = 80294257291900B6003287A1 /* Project object */;
			proxyType = 1;
			remoteGlobalIDString = 8029425E291900B6003287A1;
			remoteInfo = "Imgur Demo";
		};
		8029427A291900B8003287A1 /* PBXContainerItemProxy */ = {
			isa = PBXContainerItemProxy;
			containerPortal = 80294257291900B6003287A1 /* Project object */;
			proxyType = 1;
			remoteGlobalIDString = 8029425E291900B6003287A1;
			remoteInfo = "Imgur Demo";
		};
/* End PBXContainerItemProxy section */

/* Begin PBXFileReference section */
		800B55CD29190CAE0022060D /* ListCellView.swift */ = {isa = PBXFileReference; lastKnownFileType = sourcecode.swift; path = ListCellView.swift; sourceTree = "<group>"; };
		8029425F291900B6003287A1 /* Imgur Demo.app */ = {isa = PBXFileReference; explicitFileType = wrapper.application; includeInIndex = 0; path = "Imgur Demo.app"; sourceTree = BUILT_PRODUCTS_DIR; };
		80294262291900B6003287A1 /* Imgur_DemoApp.swift */ = {isa = PBXFileReference; lastKnownFileType = sourcecode.swift; path = Imgur_DemoApp.swift; sourceTree = "<group>"; };
		80294264291900B6003287A1 /* GalleryView.swift */ = {isa = PBXFileReference; lastKnownFileType = sourcecode.swift; path = GalleryView.swift; sourceTree = "<group>"; };
		80294266291900B8003287A1 /* Assets.xcassets */ = {isa = PBXFileReference; lastKnownFileType = folder.assetcatalog; path = Assets.xcassets; sourceTree = "<group>"; };
		80294269291900B8003287A1 /* Preview Assets.xcassets */ = {isa = PBXFileReference; lastKnownFileType = folder.assetcatalog; path = "Preview Assets.xcassets"; sourceTree = "<group>"; };
		8029426F291900B8003287A1 /* Imgur DemoTests.xctest */ = {isa = PBXFileReference; explicitFileType = wrapper.cfbundle; includeInIndex = 0; path = "Imgur DemoTests.xctest"; sourceTree = BUILT_PRODUCTS_DIR; };
		80294273291900B8003287A1 /* Imgur_DemoTests.swift */ = {isa = PBXFileReference; lastKnownFileType = sourcecode.swift; path = Imgur_DemoTests.swift; sourceTree = "<group>"; };
		80294279291900B8003287A1 /* Imgur DemoUITests.xctest */ = {isa = PBXFileReference; explicitFileType = wrapper.cfbundle; includeInIndex = 0; path = "Imgur DemoUITests.xctest"; sourceTree = BUILT_PRODUCTS_DIR; };
		8029427D291900B8003287A1 /* Imgur_DemoUITests.swift */ = {isa = PBXFileReference; lastKnownFileType = sourcecode.swift; path = Imgur_DemoUITests.swift; sourceTree = "<group>"; };
		8029427F291900B8003287A1 /* Imgur_DemoUITestsLaunchTests.swift */ = {isa = PBXFileReference; lastKnownFileType = sourcecode.swift; path = Imgur_DemoUITestsLaunchTests.swift; sourceTree = "<group>"; };
		8063169B291919D700D9555F /* GridCellView.swift */ = {isa = PBXFileReference; lastKnownFileType = sourcecode.swift; path = GridCellView.swift; sourceTree = "<group>"; };
		8063169E291920FE00D9555F /* ServerConfig.swift */ = {isa = PBXFileReference; lastKnownFileType = sourcecode.swift; path = ServerConfig.swift; sourceTree = "<group>"; };
		806316A12919228000D9555F /* NetworkManager.swift */ = {isa = PBXFileReference; lastKnownFileType = sourcecode.swift; path = NetworkManager.swift; sourceTree = "<group>"; };
		806316A32919243800D9555F /* GalleryResponse.swift */ = {isa = PBXFileReference; lastKnownFileType = sourcecode.swift; path = GalleryResponse.swift; sourceTree = "<group>"; };
		806316A529195F5200D9555F /* GalleryViewModel.swift */ = {isa = PBXFileReference; lastKnownFileType = sourcecode.swift; path = GalleryViewModel.swift; sourceTree = "<group>"; };
		806316AB29196C8D00D9555F /* DateUtils.swift */ = {isa = PBXFileReference; lastKnownFileType = sourcecode.swift; path = DateUtils.swift; sourceTree = "<group>"; };
		806316AD2919748C00D9555F /* BlankView.swift */ = {isa = PBXFileReference; lastKnownFileType = sourcecode.swift; path = BlankView.swift; sourceTree = "<group>"; };
/* End PBXFileReference section */

/* Begin PBXFrameworksBuildPhase section */
		8029425C291900B6003287A1 /* Frameworks */ = {
			isa = PBXFrameworksBuildPhase;
			buildActionMask = 2147483647;
			files = (
				806316A92919687300D9555F /* Kingfisher in Frameworks */,
				800B55C82919076F0022060D /* Alamofire in Frameworks */,
			);
			runOnlyForDeploymentPostprocessing = 0;
		};
		8029426C291900B8003287A1 /* Frameworks */ = {
			isa = PBXFrameworksBuildPhase;
			buildActionMask = 2147483647;
			files = (
			);
			runOnlyForDeploymentPostprocessing = 0;
		};
		80294276291900B8003287A1 /* Frameworks */ = {
			isa = PBXFrameworksBuildPhase;
			buildActionMask = 2147483647;
			files = (
			);
			runOnlyForDeploymentPostprocessing = 0;
		};
/* End PBXFrameworksBuildPhase section */

/* Begin PBXGroup section */
		800B55C929190C2E0022060D /* Assets */ = {
			isa = PBXGroup;
			children = (
				80294266291900B8003287A1 /* Assets.xcassets */,
			);
			path = Assets;
			sourceTree = "<group>";
		};
		800B55CA29190C3E0022060D /* App */ = {
			isa = PBXGroup;
			children = (
				80294262291900B6003287A1 /* Imgur_DemoApp.swift */,
			);
			path = App;
			sourceTree = "<group>";
		};
		800B55CB29190C4A0022060D /* Views */ = {
			isa = PBXGroup;
			children = (
				800B55CC29190C9A0022060D /* Cells */,
				80294264291900B6003287A1 /* GalleryView.swift */,
				806316A529195F5200D9555F /* GalleryViewModel.swift */,
				806316AD2919748C00D9555F /* BlankView.swift */,
			);
			path = Views;
			sourceTree = "<group>";
		};
		800B55CC29190C9A0022060D /* Cells */ = {
			isa = PBXGroup;
			children = (
				800B55CD29190CAE0022060D /* ListCellView.swift */,
				8063169B291919D700D9555F /* GridCellView.swift */,
			);
			path = Cells;
			sourceTree = "<group>";
		};
		80294256291900B6003287A1 = {
			isa = PBXGroup;
			children = (
				80294261291900B6003287A1 /* Imgur Demo */,
				80294272291900B8003287A1 /* Imgur DemoTests */,
				8029427C291900B8003287A1 /* Imgur DemoUITests */,
				80294260291900B6003287A1 /* Products */,
			);
			sourceTree = "<group>";
		};
		80294260291900B6003287A1 /* Products */ = {
			isa = PBXGroup;
			children = (
				8029425F291900B6003287A1 /* Imgur Demo.app */,
				8029426F291900B8003287A1 /* Imgur DemoTests.xctest */,
				80294279291900B8003287A1 /* Imgur DemoUITests.xctest */,
			);
			name = Products;
			sourceTree = "<group>";
		};
		80294261291900B6003287A1 /* Imgur Demo */ = {
			isa = PBXGroup;
			children = (
				806316AA29196C7000D9555F /* Utils */,
				800B55CA29190C3E0022060D /* App */,
				800B55C929190C2E0022060D /* Assets */,
				806316A02919222C00D9555F /* Model */,
				8063169D2919209900D9555F /* Network */,
				800B55CB29190C4A0022060D /* Views */,
				80294268291900B8003287A1 /* Preview Content */,
			);
			path = "Imgur Demo";
			sourceTree = "<group>";
		};
		80294268291900B8003287A1 /* Preview Content */ = {
			isa = PBXGroup;
			children = (
				80294269291900B8003287A1 /* Preview Assets.xcassets */,
			);
			path = "Preview Content";
			sourceTree = "<group>";
		};
		80294272291900B8003287A1 /* Imgur DemoTests */ = {
			isa = PBXGroup;
			children = (
				80294273291900B8003287A1 /* Imgur_DemoTests.swift */,
			);
			path = "Imgur DemoTests";
			sourceTree = "<group>";
		};
		8029427C291900B8003287A1 /* Imgur DemoUITests */ = {
			isa = PBXGroup;
			children = (
				8029427D291900B8003287A1 /* Imgur_DemoUITests.swift */,
				8029427F291900B8003287A1 /* Imgur_DemoUITestsLaunchTests.swift */,
			);
			path = "Imgur DemoUITests";
			sourceTree = "<group>";
		};
		8063169D2919209900D9555F /* Network */ = {
			isa = PBXGroup;
			children = (
				8063169E291920FE00D9555F /* ServerConfig.swift */,
				806316A12919228000D9555F /* NetworkManager.swift */,
			);
			path = Network;
			sourceTree = "<group>";
		};
		806316A02919222C00D9555F /* Model */ = {
			isa = PBXGroup;
			children = (
				806316A32919243800D9555F /* GalleryResponse.swift */,
			);
			path = Model;
			sourceTree = "<group>";
		};
		806316AA29196C7000D9555F /* Utils */ = {
			isa = PBXGroup;
			children = (
				806316AB29196C8D00D9555F /* DateUtils.swift */,
			);
			path = Utils;
			sourceTree = "<group>";
		};
/* End PBXGroup section */

/* Begin PBXNativeTarget section */
		8029425E291900B6003287A1 /* Imgur Demo */ = {
			isa = PBXNativeTarget;
			buildConfigurationList = 80294283291900B8003287A1 /* Build configuration list for PBXNativeTarget "Imgur Demo" */;
			buildPhases = (
				8029425B291900B6003287A1 /* Sources */,
				8029425C291900B6003287A1 /* Frameworks */,
				8029425D291900B6003287A1 /* Resources */,
			);
			buildRules = (
			);
			dependencies = (
			);
			name = "Imgur Demo";
			packageProductDependencies = (
				800B55C72919076F0022060D /* Alamofire */,
				806316A82919687300D9555F /* Kingfisher */,
			);
			productName = "Imgur Demo";
			productReference = 8029425F291900B6003287A1 /* Imgur Demo.app */;
			productType = "com.apple.product-type.application";
		};
		8029426E291900B8003287A1 /* Imgur DemoTests */ = {
			isa = PBXNativeTarget;
			buildConfigurationList = 80294286291900B8003287A1 /* Build configuration list for PBXNativeTarget "Imgur DemoTests" */;
			buildPhases = (
				8029426B291900B8003287A1 /* Sources */,
				8029426C291900B8003287A1 /* Frameworks */,
				8029426D291900B8003287A1 /* Resources */,
			);
			buildRules = (
			);
			dependencies = (
				80294271291900B8003287A1 /* PBXTargetDependency */,
			);
			name = "Imgur DemoTests";
			productName = "Imgur DemoTests";
			productReference = 8029426F291900B8003287A1 /* Imgur DemoTests.xctest */;
			productType = "com.apple.product-type.bundle.unit-test";
		};
		80294278291900B8003287A1 /* Imgur DemoUITests */ = {
			isa = PBXNativeTarget;
			buildConfigurationList = 80294289291900B8003287A1 /* Build configuration list for PBXNativeTarget "Imgur DemoUITests" */;
			buildPhases = (
				80294275291900B8003287A1 /* Sources */,
				80294276291900B8003287A1 /* Frameworks */,
				80294277291900B8003287A1 /* Resources */,
			);
			buildRules = (
			);
			dependencies = (
				8029427B291900B8003287A1 /* PBXTargetDependency */,
			);
			name = "Imgur DemoUITests";
			productName = "Imgur DemoUITests";
			productReference = 80294279291900B8003287A1 /* Imgur DemoUITests.xctest */;
			productType = "com.apple.product-type.bundle.ui-testing";
		};
/* End PBXNativeTarget section */

/* Begin PBXProject section */
		80294257291900B6003287A1 /* Project object */ = {
			isa = PBXProject;
			attributes = {
				BuildIndependentTargetsInParallel = 1;
				LastSwiftUpdateCheck = 1410;
				LastUpgradeCheck = 1410;
				TargetAttributes = {
					8029425E291900B6003287A1 = {
						CreatedOnToolsVersion = 14.1;
					};
					8029426E291900B8003287A1 = {
						CreatedOnToolsVersion = 14.1;
						TestTargetID = 8029425E291900B6003287A1;
					};
					80294278291900B8003287A1 = {
						CreatedOnToolsVersion = 14.1;
						TestTargetID = 8029425E291900B6003287A1;
					};
				};
			};
			buildConfigurationList = 8029425A291900B6003287A1 /* Build configuration list for PBXProject "Imgur Demo" */;
			compatibilityVersion = "Xcode 14.0";
			developmentRegion = en;
			hasScannedForEncodings = 0;
			knownRegions = (
				en,
				Base,
			);
			mainGroup = 80294256291900B6003287A1;
			packageReferences = (
				800B55C62919076F0022060D /* XCRemoteSwiftPackageReference "Alamofire" */,
				806316A72919687300D9555F /* XCRemoteSwiftPackageReference "Kingfisher" */,
			);
			productRefGroup = 80294260291900B6003287A1 /* Products */;
			projectDirPath = "";
			projectRoot = "";
			targets = (
				8029425E291900B6003287A1 /* Imgur Demo */,
				8029426E291900B8003287A1 /* Imgur DemoTests */,
				80294278291900B8003287A1 /* Imgur DemoUITests */,
			);
		};
/* End PBXProject section */

/* Begin PBXResourcesBuildPhase section */
		8029425D291900B6003287A1 /* Resources */ = {
			isa = PBXResourcesBuildPhase;
			buildActionMask = 2147483647;
			files = (
				8029426A291900B8003287A1 /* Preview Assets.xcassets in Resources */,
				80294267291900B8003287A1 /* Assets.xcassets in Resources */,
			);
			runOnlyForDeploymentPostprocessing = 0;
		};
		8029426D291900B8003287A1 /* Resources */ = {
			isa = PBXResourcesBuildPhase;
			buildActionMask = 2147483647;
			files = (
			);
			runOnlyForDeploymentPostprocessing = 0;
		};
		80294277291900B8003287A1 /* Resources */ = {
			isa = PBXResourcesBuildPhase;
			buildActionMask = 2147483647;
			files = (
			);
			runOnlyForDeploymentPostprocessing = 0;
		};
/* End PBXResourcesBuildPhase section */

/* Begin PBXSourcesBuildPhase section */
		8029425B291900B6003287A1 /* Sources */ = {
			isa = PBXSourcesBuildPhase;
			buildActionMask = 2147483647;
			files = (
				806316A22919228000D9555F /* NetworkManager.swift in Sources */,
				806316AE2919748C00D9555F /* BlankView.swift in Sources */,
				8063169F291920FE00D9555F /* ServerConfig.swift in Sources */,
				80294265291900B6003287A1 /* GalleryView.swift in Sources */,
				80294263291900B6003287A1 /* Imgur_DemoApp.swift in Sources */,
				806316AC29196C8D00D9555F /* DateUtils.swift in Sources */,
				8063169C291919D700D9555F /* GridCellView.swift in Sources */,
				806316A629195F5200D9555F /* GalleryViewModel.swift in Sources */,
				806316A42919243800D9555F /* GalleryResponse.swift in Sources */,
				800B55CE29190CAE0022060D /* ListCellView.swift in Sources */,
			);
			runOnlyForDeploymentPostprocessing = 0;
		};
		8029426B291900B8003287A1 /* Sources */ = {
			isa = PBXSourcesBuildPhase;
			buildActionMask = 2147483647;
			files = (
				80294274291900B8003287A1 /* Imgur_DemoTests.swift in Sources */,
			);
			runOnlyForDeploymentPostprocessing = 0;
		};
		80294275291900B8003287A1 /* Sources */ = {
			isa = PBXSourcesBuildPhase;
			buildActionMask = 2147483647;
			files = (
				80294280291900B8003287A1 /* Imgur_DemoUITestsLaunchTests.swift in Sources */,
				8029427E291900B8003287A1 /* Imgur_DemoUITests.swift in Sources */,
			);
			runOnlyForDeploymentPostprocessing = 0;
		};
/* End PBXSourcesBuildPhase section */

/* Begin PBXTargetDependency section */
		80294271291900B8003287A1 /* PBXTargetDependency */ = {
			isa = PBXTargetDependency;
			target = 8029425E291900B6003287A1 /* Imgur Demo */;
			targetProxy = 80294270291900B8003287A1 /* PBXContainerItemProxy */;
		};
		8029427B291900B8003287A1 /* PBXTargetDependency */ = {
			isa = PBXTargetDependency;
			target = 8029425E291900B6003287A1 /* Imgur Demo */;
			targetProxy = 8029427A291900B8003287A1 /* PBXContainerItemProxy */;
		};
/* End PBXTargetDependency section */

/* Begin XCBuildConfiguration section */
		80294281291900B8003287A1 /* Debug */ = {
			isa = XCBuildConfiguration;
			buildSettings = {
				ALWAYS_SEARCH_USER_PATHS = NO;
				CLANG_ANALYZER_NONNULL = YES;
				CLANG_ANALYZER_NUMBER_OBJECT_CONVERSION = YES_AGGRESSIVE;
				CLANG_CXX_LANGUAGE_STANDARD = "gnu++20";
				CLANG_ENABLE_MODULES = YES;
				CLANG_ENABLE_OBJC_ARC = YES;
				CLANG_ENABLE_OBJC_WEAK = YES;
				CLANG_WARN_BLOCK_CAPTURE_AUTORELEASING = YES;
				CLANG_WARN_BOOL_CONVERSION = YES;
				CLANG_WARN_COMMA = YES;
				CLANG_WARN_CONSTANT_CONVERSION = YES;
				CLANG_WARN_DEPRECATED_OBJC_IMPLEMENTATIONS = YES;
				CLANG_WARN_DIRECT_OBJC_ISA_USAGE = YES_ERROR;
				CLANG_WARN_DOCUMENTATION_COMMENTS = YES;
				CLANG_WARN_EMPTY_BODY = YES;
				CLANG_WARN_ENUM_CONVERSION = YES;
				CLANG_WARN_INFINITE_RECURSION = YES;
				CLANG_WARN_INT_CONVERSION = YES;
				CLANG_WARN_NON_LITERAL_NULL_CONVERSION = YES;
				CLANG_WARN_OBJC_IMPLICIT_RETAIN_SELF = YES;
				CLANG_WARN_OBJC_LITERAL_CONVERSION = YES;
				CLANG_WARN_OBJC_ROOT_CLASS = YES_ERROR;
				CLANG_WARN_QUOTED_INCLUDE_IN_FRAMEWORK_HEADER = YES;
				CLANG_WARN_RANGE_LOOP_ANALYSIS = YES;
				CLANG_WARN_STRICT_PROTOTYPES = YES;
				CLANG_WARN_SUSPICIOUS_MOVE = YES;
				CLANG_WARN_UNGUARDED_AVAILABILITY = YES_AGGRESSIVE;
				CLANG_WARN_UNREACHABLE_CODE = YES;
				CLANG_WARN__DUPLICATE_METHOD_MATCH = YES;
				COPY_PHASE_STRIP = NO;
				DEBUG_INFORMATION_FORMAT = dwarf;
				ENABLE_STRICT_OBJC_MSGSEND = YES;
				ENABLE_TESTABILITY = YES;
				GCC_C_LANGUAGE_STANDARD = gnu11;
				GCC_DYNAMIC_NO_PIC = NO;
				GCC_NO_COMMON_BLOCKS = YES;
				GCC_OPTIMIZATION_LEVEL = 0;
				GCC_PREPROCESSOR_DEFINITIONS = (
					"DEBUG=1",
					"$(inherited)",
				);
				GCC_WARN_64_TO_32_BIT_CONVERSION = YES;
				GCC_WARN_ABOUT_RETURN_TYPE = YES_ERROR;
				GCC_WARN_UNDECLARED_SELECTOR = YES;
				GCC_WARN_UNINITIALIZED_AUTOS = YES_AGGRESSIVE;
				GCC_WARN_UNUSED_FUNCTION = YES;
				GCC_WARN_UNUSED_VARIABLE = YES;
				IPHONEOS_DEPLOYMENT_TARGET = 16.0;
				MTL_ENABLE_DEBUG_INFO = INCLUDE_SOURCE;
				MTL_FAST_MATH = YES;
				ONLY_ACTIVE_ARCH = YES;
				SDKROOT = iphoneos;
				SWIFT_ACTIVE_COMPILATION_CONDITIONS = DEBUG;
				SWIFT_OPTIMIZATION_LEVEL = "-Onone";
			};
			name = Debug;
		};
		80294282291900B8003287A1 /* Release */ = {
			isa = XCBuildConfiguration;
			buildSettings = {
				ALWAYS_SEARCH_USER_PATHS = NO;
				CLANG_ANALYZER_NONNULL = YES;
				CLANG_ANALYZER_NUMBER_OBJECT_CONVERSION = YES_AGGRESSIVE;
				CLANG_CXX_LANGUAGE_STANDARD = "gnu++20";
				CLANG_ENABLE_MODULES = YES;
				CLANG_ENABLE_OBJC_ARC = YES;
				CLANG_ENABLE_OBJC_WEAK = YES;
				CLANG_WARN_BLOCK_CAPTURE_AUTORELEASING = YES;
				CLANG_WARN_BOOL_CONVERSION = YES;
				CLANG_WARN_COMMA = YES;
				CLANG_WARN_CONSTANT_CONVERSION = YES;
				CLANG_WARN_DEPRECATED_OBJC_IMPLEMENTATIONS = YES;
				CLANG_WARN_DIRECT_OBJC_ISA_USAGE = YES_ERROR;
				CLANG_WARN_DOCUMENTATION_COMMENTS = YES;
				CLANG_WARN_EMPTY_BODY = YES;
				CLANG_WARN_ENUM_CONVERSION = YES;
				CLANG_WARN_INFINITE_RECURSION = YES;
				CLANG_WARN_INT_CONVERSION = YES;
				CLANG_WARN_NON_LITERAL_NULL_CONVERSION = YES;
				CLANG_WARN_OBJC_IMPLICIT_RETAIN_SELF = YES;
				CLANG_WARN_OBJC_LITERAL_CONVERSION = YES;
				CLANG_WARN_OBJC_ROOT_CLASS = YES_ERROR;
				CLANG_WARN_QUOTED_INCLUDE_IN_FRAMEWORK_HEADER = YES;
				CLANG_WARN_RANGE_LOOP_ANALYSIS = YES;
				CLANG_WARN_STRICT_PROTOTYPES = YES;
				CLANG_WARN_SUSPICIOUS_MOVE = YES;
				CLANG_WARN_UNGUARDED_AVAILABILITY = YES_AGGRESSIVE;
				CLANG_WARN_UNREACHABLE_CODE = YES;
				CLANG_WARN__DUPLICATE_METHOD_MATCH = YES;
				COPY_PHASE_STRIP = NO;
				DEBUG_INFORMATION_FORMAT = "dwarf-with-dsym";
				ENABLE_NS_ASSERTIONS = NO;
				ENABLE_STRICT_OBJC_MSGSEND = YES;
				GCC_C_LANGUAGE_STANDARD = gnu11;
				GCC_NO_COMMON_BLOCKS = YES;
				GCC_WARN_64_TO_32_BIT_CONVERSION = YES;
				GCC_WARN_ABOUT_RETURN_TYPE = YES_ERROR;
				GCC_WARN_UNDECLARED_SELECTOR = YES;
				GCC_WARN_UNINITIALIZED_AUTOS = YES_AGGRESSIVE;
				GCC_WARN_UNUSED_FUNCTION = YES;
				GCC_WARN_UNUSED_VARIABLE = YES;
				IPHONEOS_DEPLOYMENT_TARGET = 16.0;
				MTL_ENABLE_DEBUG_INFO = NO;
				MTL_FAST_MATH = YES;
				SDKROOT = iphoneos;
				SWIFT_COMPILATION_MODE = wholemodule;
				SWIFT_OPTIMIZATION_LEVEL = "-O";
				VALIDATE_PRODUCT = YES;
			};
			name = Release;
		};
		80294284291900B8003287A1 /* Debug */ = {
			isa = XCBuildConfiguration;
			buildSettings = {
				ASSETCATALOG_COMPILER_APPICON_NAME = AppIcon;
				ASSETCATALOG_COMPILER_GLOBAL_ACCENT_COLOR_NAME = AccentColor;
				CODE_SIGN_STYLE = Automatic;
				CURRENT_PROJECT_VERSION = 1;
				DEVELOPMENT_ASSET_PATHS = "\"Imgur Demo/Preview Content\"";
				DEVELOPMENT_TEAM = F3YUX3A8ZC;
				ENABLE_PREVIEWS = YES;
				GENERATE_INFOPLIST_FILE = YES;
				INFOPLIST_KEY_UIApplicationSceneManifest_Generation = YES;
				INFOPLIST_KEY_UIApplicationSupportsIndirectInputEvents = YES;
				INFOPLIST_KEY_UILaunchScreen_Generation = YES;
				INFOPLIST_KEY_UISupportedInterfaceOrientations_iPad = "UIInterfaceOrientationPortrait UIInterfaceOrientationPortraitUpsideDown UIInterfaceOrientationLandscapeLeft UIInterfaceOrientationLandscapeRight";
				INFOPLIST_KEY_UISupportedInterfaceOrientations_iPhone = "UIInterfaceOrientationPortrait UIInterfaceOrientationLandscapeLeft UIInterfaceOrientationLandscapeRight";
				IPHONEOS_DEPLOYMENT_TARGET = 16.0;
				LD_RUNPATH_SEARCH_PATHS = (
					"$(inherited)",
					"@executable_path/Frameworks",
				);
				MARKETING_VERSION = 1.0;
				PRODUCT_BUNDLE_IDENTIFIER = "com.demo.Imgur-Demo";
				PRODUCT_NAME = "$(TARGET_NAME)";
				SWIFT_EMIT_LOC_STRINGS = YES;
				SWIFT_VERSION = 5.0;
				TARGETED_DEVICE_FAMILY = "1,2";
			};
			name = Debug;
		};
		80294285291900B8003287A1 /* Release */ = {
			isa = XCBuildConfiguration;
			buildSettings = {
				ASSETCATALOG_COMPILER_APPICON_NAME = AppIcon;
				ASSETCATALOG_COMPILER_GLOBAL_ACCENT_COLOR_NAME = AccentColor;
				CODE_SIGN_STYLE = Automatic;
				CURRENT_PROJECT_VERSION = 1;
				DEVELOPMENT_ASSET_PATHS = "\"Imgur Demo/Preview Content\"";
				DEVELOPMENT_TEAM = F3YUX3A8ZC;
				ENABLE_PREVIEWS = YES;
				GENERATE_INFOPLIST_FILE = YES;
				INFOPLIST_KEY_UIApplicationSceneManifest_Generation = YES;
				INFOPLIST_KEY_UIApplicationSupportsIndirectInputEvents = YES;
				INFOPLIST_KEY_UILaunchScreen_Generation = YES;
				INFOPLIST_KEY_UISupportedInterfaceOrientations_iPad = "UIInterfaceOrientationPortrait UIInterfaceOrientationPortraitUpsideDown UIInterfaceOrientationLandscapeLeft UIInterfaceOrientationLandscapeRight";
				INFOPLIST_KEY_UISupportedInterfaceOrientations_iPhone = "UIInterfaceOrientationPortrait UIInterfaceOrientationLandscapeLeft UIInterfaceOrientationLandscapeRight";
				IPHONEOS_DEPLOYMENT_TARGET = 16.0;
				LD_RUNPATH_SEARCH_PATHS = (
					"$(inherited)",
					"@executable_path/Frameworks",
				);
				MARKETING_VERSION = 1.0;
				PRODUCT_BUNDLE_IDENTIFIER = "com.demo.Imgur-Demo";
				PRODUCT_NAME = "$(TARGET_NAME)";
				SWIFT_EMIT_LOC_STRINGS = YES;
				SWIFT_VERSION = 5.0;
				TARGETED_DEVICE_FAMILY = "1,2";
			};
			name = Release;
		};
		80294287291900B8003287A1 /* Debug */ = {
			isa = XCBuildConfiguration;
			buildSettings = {
				ALWAYS_EMBED_SWIFT_STANDARD_LIBRARIES = YES;
				BUNDLE_LOADER = "$(TEST_HOST)";
				CODE_SIGN_STYLE = Automatic;
				CURRENT_PROJECT_VERSION = 1;
				DEVELOPMENT_TEAM = F3YUX3A8ZC;
				GENERATE_INFOPLIST_FILE = YES;
				IPHONEOS_DEPLOYMENT_TARGET = 16.1;
				MARKETING_VERSION = 1.0;
				PRODUCT_BUNDLE_IDENTIFIER = "com.demo.Imgur-DemoTests";
				PRODUCT_NAME = "$(TARGET_NAME)";
				SWIFT_EMIT_LOC_STRINGS = NO;
				SWIFT_VERSION = 5.0;
				TARGETED_DEVICE_FAMILY = "1,2";
				TEST_HOST = "$(BUILT_PRODUCTS_DIR)/Imgur Demo.app/$(BUNDLE_EXECUTABLE_FOLDER_PATH)/Imgur Demo";
			};
			name = Debug;
		};
		80294288291900B8003287A1 /* Release */ = {
			isa = XCBuildConfiguration;
			buildSettings = {
				ALWAYS_EMBED_SWIFT_STANDARD_LIBRARIES = YES;
				BUNDLE_LOADER = "$(TEST_HOST)";
				CODE_SIGN_STYLE = Automatic;
				CURRENT_PROJECT_VERSION = 1;
				DEVELOPMENT_TEAM = F3YUX3A8ZC;
				GENERATE_INFOPLIST_FILE = YES;
				IPHONEOS_DEPLOYMENT_TARGET = 16.1;
				MARKETING_VERSION = 1.0;
				PRODUCT_BUNDLE_IDENTIFIER = "com.demo.Imgur-DemoTests";
				PRODUCT_NAME = "$(TARGET_NAME)";
				SWIFT_EMIT_LOC_STRINGS = NO;
				SWIFT_VERSION = 5.0;
				TARGETED_DEVICE_FAMILY = "1,2";
				TEST_HOST = "$(BUILT_PRODUCTS_DIR)/Imgur Demo.app/$(BUNDLE_EXECUTABLE_FOLDER_PATH)/Imgur Demo";
			};
			name = Release;
		};
		8029428A291900B8003287A1 /* Debug */ = {
			isa = XCBuildConfiguration;
			buildSettings = {
				ALWAYS_EMBED_SWIFT_STANDARD_LIBRARIES = YES;
				CODE_SIGN_STYLE = Automatic;
				CURRENT_PROJECT_VERSION = 1;
				DEVELOPMENT_TEAM = F3YUX3A8ZC;
				GENERATE_INFOPLIST_FILE = YES;
				MARKETING_VERSION = 1.0;
				PRODUCT_BUNDLE_IDENTIFIER = "com.demo.Imgur-DemoUITests";
				PRODUCT_NAME = "$(TARGET_NAME)";
				SWIFT_EMIT_LOC_STRINGS = NO;
				SWIFT_VERSION = 5.0;
				TARGETED_DEVICE_FAMILY = "1,2";
				TEST_TARGET_NAME = "Imgur Demo";
			};
			name = Debug;
		};
		8029428B291900B8003287A1 /* Release */ = {
			isa = XCBuildConfiguration;
			buildSettings = {
				ALWAYS_EMBED_SWIFT_STANDARD_LIBRARIES = YES;
				CODE_SIGN_STYLE = Automatic;
				CURRENT_PROJECT_VERSION = 1;
				DEVELOPMENT_TEAM = F3YUX3A8ZC;
				GENERATE_INFOPLIST_FILE = YES;
				MARKETING_VERSION = 1.0;
				PRODUCT_BUNDLE_IDENTIFIER = "com.demo.Imgur-DemoUITests";
				PRODUCT_NAME = "$(TARGET_NAME)";
				SWIFT_EMIT_LOC_STRINGS = NO;
				SWIFT_VERSION = 5.0;
				TARGETED_DEVICE_FAMILY = "1,2";
				TEST_TARGET_NAME = "Imgur Demo";
			};
			name = Release;
		};
/* End XCBuildConfiguration section */

/* Begin XCConfigurationList section */
		8029425A291900B6003287A1 /* Build configuration list for PBXProject "Imgur Demo" */ = {
			isa = XCConfigurationList;
			buildConfigurations = (
				80294281291900B8003287A1 /* Debug */,
				80294282291900B8003287A1 /* Release */,
			);
			defaultConfigurationIsVisible = 0;
			defaultConfigurationName = Release;
		};
		80294283291900B8003287A1 /* Build configuration list for PBXNativeTarget "Imgur Demo" */ = {
			isa = XCConfigurationList;
			buildConfigurations = (
				80294284291900B8003287A1 /* Debug */,
				80294285291900B8003287A1 /* Release */,
			);
			defaultConfigurationIsVisible = 0;
			defaultConfigurationName = Release;
		};
		80294286291900B8003287A1 /* Build configuration list for PBXNativeTarget "Imgur DemoTests" */ = {
			isa = XCConfigurationList;
			buildConfigurations = (
				80294287291900B8003287A1 /* Debug */,
				80294288291900B8003287A1 /* Release */,
			);
			defaultConfigurationIsVisible = 0;
			defaultConfigurationName = Release;
		};
		80294289291900B8003287A1 /* Build configuration list for PBXNativeTarget "Imgur DemoUITests" */ = {
			isa = XCConfigurationList;
			buildConfigurations = (
				8029428A291900B8003287A1 /* Debug */,
				8029428B291900B8003287A1 /* Release */,
			);
			defaultConfigurationIsVisible = 0;
			defaultConfigurationName = Release;
		};
/* End XCConfigurationList section */

/* Begin XCRemoteSwiftPackageReference section */
		800B55C62919076F0022060D /* XCRemoteSwiftPackageReference "Alamofire" */ = {
			isa = XCRemoteSwiftPackageReference;
			repositoryURL = "https://github.com/Alamofire/Alamofire.git";
			requirement = {
				kind = exactVersion;
				version = 5.0.0;
			};
		};
		806316A72919687300D9555F /* XCRemoteSwiftPackageReference "Kingfisher" */ = {
			isa = XCRemoteSwiftPackageReference;
			repositoryURL = "https://github.com/onevcat/Kingfisher.git";
			requirement = {
				kind = upToNextMajorVersion;
				minimumVersion = 7.0.0;
			};
		};
/* End XCRemoteSwiftPackageReference section */

/* Begin XCSwiftPackageProductDependency section */
		800B55C72919076F0022060D /* Alamofire */ = {
			isa = XCSwiftPackageProductDependency;
			package = 800B55C62919076F0022060D /* XCRemoteSwiftPackageReference "Alamofire" */;
			productName = Alamofire;
		};
		806316A82919687300D9555F /* Kingfisher */ = {
			isa = XCSwiftPackageProductDependency;
			package = 806316A72919687300D9555F /* XCRemoteSwiftPackageReference "Kingfisher" */;
			productName = Kingfisher;
		};
/* End XCSwiftPackageProductDependency section */
	};
	rootObject = 80294257291900B6003287A1 /* Project object */;
}
